
Microsoft Visual Studio Solution File, Format Version 12.00
# Visual Studio Version 16
VisualStudioVersion = 16.6.30114.105
MinimumVisualStudioVersion = 10.0.40219.1
Project("{2150E333-8FDC-42A3-9474-1A3956D46DE8}") = "src", "src", "{D4B8A2A5-605D-4CDC-A65B-386E768ABEA9}"
EndProject
Project("{F2A71F9B-5D33-465A-A702-920D77279786}") = "Api", "src\Api\Api.fsproj", "{30B0DDCD-7DA3-4B69-86D4-B7CD096E5D62}"
EndProject
Project("{F2A71F9B-5D33-465A-A702-920D77279786}") = "Domain", "src\Domain\Domain.fsproj", "{3440A084-E92B-4D12-9CD6-0CDAB4D8EE70}"
EndProject
Global
	GlobalSection(SolutionConfigurationPlatforms) = preSolution
		Debug|Any CPU = Debug|Any CPU
		Debug|x64 = Debug|x64
		Debug|x86 = Debug|x86
		Release|Any CPU = Release|Any CPU
		Release|x64 = Release|x64
		Release|x86 = Release|x86
	EndGlobalSection
	GlobalSection(SolutionProperties) = preSolution
		HideSolutionNode = FALSE
	EndGlobalSection
	GlobalSection(ProjectConfigurationPlatforms) = postSolution
		{30B0DDCD-7DA3-4B69-86D4-B7CD096E5D62}.Debug|Any CPU.ActiveCfg = Debug|Any CPU
		{30B0DDCD-7DA3-4B69-86D4-B7CD096E5D62}.Debug|Any CPU.Build.0 = Debug|Any CPU
		{30B0DDCD-7DA3-4B69-86D4-B7CD096E5D62}.Debug|x64.ActiveCfg = Debug|Any CPU
		{30B0DDCD-7DA3-4B69-86D4-B7CD096E5D62}.Debug|x64.Build.0 = Debug|Any CPU
		{30B0DDCD-7DA3-4B69-86D4-B7CD096E5D62}.Debug|x86.ActiveCfg = Debug|Any CPU
		{30B0DDCD-7DA3-4B69-86D4-B7CD096E5D62}.Debug|x86.Build.0 = Debug|Any CPU
		{30B0DDCD-7DA3-4B69-86D4-B7CD096E5D62}.Release|Any CPU.ActiveCfg = Release|Any CPU
		{30B0DDCD-7DA3-4B69-86D4-B7CD096E5D62}.Release|Any CPU.Build.0 = Release|Any CPU
		{30B0DDCD-7DA3-4B69-86D4-B7CD096E5D62}.Release|x64.ActiveCfg = Release|Any CPU
		{30B0DDCD-7DA3-4B69-86D4-B7CD096E5D62}.Release|x64.Build.0 = Release|Any CPU
		{30B0DDCD-7DA3-4B69-86D4-B7CD096E5D62}.Release|x86.ActiveCfg = Release|Any CPU
		{30B0DDCD-7DA3-4B69-86D4-B7CD096E5D62}.Release|x86.Build.0 = Release|Any CPU
		{3440A084-E92B-4D12-9CD6-0CDAB4D8EE70}.Debug|Any CPU.ActiveCfg = Debug|Any CPU
		{3440A084-E92B-4D12-9CD6-0CDAB4D8EE70}.Debug|Any CPU.Build.0 = Debug|Any CPU
		{3440A084-E92B-4D12-9CD6-0CDAB4D8EE70}.Debug|x64.ActiveCfg = Debug|Any CPU
		{3440A084-E92B-4D12-9CD6-0CDAB4D8EE70}.Debug|x64.Build.0 = Debug|Any CPU
		{3440A084-E92B-4D12-9CD6-0CDAB4D8EE70}.Debug|x86.ActiveCfg = Debug|Any CPU
		{3440A084-E92B-4D12-9CD6-0CDAB4D8EE70}.Debug|x86.Build.0 = Debug|Any CPU
		{3440A084-E92B-4D12-9CD6-0CDAB4D8EE70}.Release|Any CPU.ActiveCfg = Release|Any CPU
		{3440A084-E92B-4D12-9CD6-0CDAB4D8EE70}.Release|Any CPU.Build.0 = Release|Any CPU
		{3440A084-E92B-4D12-9CD6-0CDAB4D8EE70}.Release|x64.ActiveCfg = Release|Any CPU
		{3440A084-E92B-4D12-9CD6-0CDAB4D8EE70}.Release|x64.Build.0 = Release|Any CPU
		{3440A084-E92B-4D12-9CD6-0CDAB4D8EE70}.Release|x86.ActiveCfg = Release|Any CPU
		{3440A084-E92B-4D12-9CD6-0CDAB4D8EE70}.Release|x86.Build.0 = Release|Any CPU
	EndGlobalSection
	GlobalSection(NestedProjects) = preSolution
		{30B0DDCD-7DA3-4B69-86D4-B7CD096E5D62} = {D4B8A2A5-605D-4CDC-A65B-386E768ABEA9}
		{3440A084-E92B-4D12-9CD6-0CDAB4D8EE70} = {D4B8A2A5-605D-4CDC-A65B-386E768ABEA9}
	EndGlobalSection
EndGlobal
